
Microsoft Visual Studio Solution File, Format Version 12.00
# Visual Studio Version 16
VisualStudioVersion = 16.0.30907.101
MinimumVisualStudioVersion = 10.0.40219.1
Project("{FAE04EC0-301F-11D3-BF4B-00C04F79EFBC}") = "VivistaServer", "VivistaServer\VivistaServer.csproj", "{1F71C664-96E3-4D88-92B5-C4E14C7640D4}"
EndProject
Global
	GlobalSection(SolutionConfigurationPlatforms) = preSolution
		Debug|Any CPU = Debug|Any CPU
		Release|Any CPU = Release|Any CPU
	EndGlobalSection
	GlobalSection(ProjectConfigurationPlatforms) = postSolution
		{1F71C664-96E3-4D88-92B5-C4E14C7640D4}.Debug|Any CPU.ActiveCfg = Debug|Any CPU
		{1F71C664-96E3-4D88-92B5-C4E14C7640D4}.Debug|Any CPU.Build.0 = Debug|Any CPU
		{1F71C664-96E3-4D88-92B5-C4E14C7640D4}.Release|Any CPU.ActiveCfg = Release|Any CPU
		{1F71C664-96E3-4D88-92B5-C4E14C7640D4}.Release|Any CPU.Build.0 = Release|Any CPU
	EndGlobalSection
	GlobalSection(SolutionProperties) = preSolution
		HideSolutionNode = FALSE
	EndGlobalSection
	GlobalSection(ExtensibilityGlobals) = postSolution
		SolutionGuid = {45CA0800-EF84-4F13-993E-EBA9E1C85118}
	EndGlobalSection
EndGlobal
